// !$*UTF8*$!
{
	archiveVersion = 1;
	classes = {
	};
	objectVersion = 46;
	objects = {

/* Begin PBXBuildFile section */
		1FB4375D163EDB610033A0D1 /* UIKit.framework in Frameworks */ = {isa = PBXBuildFile; fileRef = 1FB4375C163EDB610033A0D1 /* UIKit.framework */; };
		1FB4375F163EDB610033A0D1 /* Foundation.framework in Frameworks */ = {isa = PBXBuildFile; fileRef = 1FB4375E163EDB610033A0D1 /* Foundation.framework */; };
		1FB43761163EDB610033A0D1 /* CoreGraphics.framework in Frameworks */ = {isa = PBXBuildFile; fileRef = 1FB43760163EDB610033A0D1 /* CoreGraphics.framework */; };
		1FB43767163EDB610033A0D1 /* InfoPlist.strings in Resources */ = {isa = PBXBuildFile; fileRef = 1FB43765163EDB610033A0D1 /* InfoPlist.strings */; };
		1FB43769163EDB610033A0D1 /* main.m in Sources */ = {isa = PBXBuildFile; fileRef = 1FB43768163EDB610033A0D1 /* main.m */; };
		1FB4376D163EDB610033A0D1 /* MM_AppDelegate.m in Sources */ = {isa = PBXBuildFile; fileRef = 1FB4376C163EDB610033A0D1 /* MM_AppDelegate.m */; };
		1FB4376F163EDB610033A0D1 /* Default.png in Resources */ = {isa = PBXBuildFile; fileRef = 1FB4376E163EDB610033A0D1 /* Default.png */; };
		1FB43771163EDB610033A0D1 /* Default@2x.png in Resources */ = {isa = PBXBuildFile; fileRef = 1FB43770163EDB610033A0D1 /* Default@2x.png */; };
		1FB43773163EDB610033A0D1 /* Default-568h@2x.png in Resources */ = {isa = PBXBuildFile; fileRef = 1FB43772163EDB610033A0D1 /* Default-568h@2x.png */; };
		1FB43776163EDB610033A0D1 /* MM_ViewController.m in Sources */ = {isa = PBXBuildFile; fileRef = 1FB43775163EDB610033A0D1 /* MM_ViewController.m */; };
		1FB43779163EDB610033A0D1 /* MM_ViewController.xib in Resources */ = {isa = PBXBuildFile; fileRef = 1FB43777163EDB610033A0D1 /* MM_ViewController.xib */; };
/* End PBXBuildFile section */

/* Begin PBXFileReference section */
		1FB43758163EDB610033A0D1 /* M_CoreDataExample.app */ = {isa = PBXFileReference; explicitFileType = wrapper.application; includeInIndex = 0; path = M_CoreDataExample.app; sourceTree = BUILT_PRODUCTS_DIR; };
		1FB4375C163EDB610033A0D1 /* UIKit.framework */ = {isa = PBXFileReference; lastKnownFileType = wrapper.framework; name = UIKit.framework; path = System/Library/Frameworks/UIKit.framework; sourceTree = SDKROOT; };
		1FB4375E163EDB610033A0D1 /* Foundation.framework */ = {isa = PBXFileReference; lastKnownFileType = wrapper.framework; name = Foundation.framework; path = System/Library/Frameworks/Foundation.framework; sourceTree = SDKROOT; };
		1FB43760163EDB610033A0D1 /* CoreGraphics.framework */ = {isa = PBXFileReference; lastKnownFileType = wrapper.framework; name = CoreGraphics.framework; path = System/Library/Frameworks/CoreGraphics.framework; sourceTree = SDKROOT; };
		1FB43764163EDB610033A0D1 /* M_CoreDataExample-Info.plist */ = {isa = PBXFileReference; lastKnownFileType = text.plist.xml; path = "M_CoreDataExample-Info.plist"; sourceTree = "<group>"; };
		1FB43766163EDB610033A0D1 /* en */ = {isa = PBXFileReference; lastKnownFileType = text.plist.strings; name = en; path = en.lproj/InfoPlist.strings; sourceTree = "<group>"; };
		1FB43768163EDB610033A0D1 /* main.m */ = {isa = PBXFileReference; lastKnownFileType = sourcecode.c.objc; path = main.m; sourceTree = "<group>"; };
		1FB4376A163EDB610033A0D1 /* M_CoreDataExample-Prefix.pch */ = {isa = PBXFileReference; lastKnownFileType = sourcecode.c.h; path = "M_CoreDataExample-Prefix.pch"; sourceTree = "<group>"; };
		1FB4376B163EDB610033A0D1 /* MM_AppDelegate.h */ = {isa = PBXFileReference; lastKnownFileType = sourcecode.c.h; path = MM_AppDelegate.h; sourceTree = "<group>"; };
		1FB4376C163EDB610033A0D1 /* MM_AppDelegate.m */ = {isa = PBXFileReference; lastKnownFileType = sourcecode.c.objc; path = MM_AppDelegate.m; sourceTree = "<group>"; };
		1FB4376E163EDB610033A0D1 /* Default.png */ = {isa = PBXFileReference; lastKnownFileType = image.png; path = Default.png; sourceTree = "<group>"; };
		1FB43770163EDB610033A0D1 /* Default@2x.png */ = {isa = PBXFileReference; lastKnownFileType = image.png; path = "Default@2x.png"; sourceTree = "<group>"; };
		1FB43772163EDB610033A0D1 /* Default-568h@2x.png */ = {isa = PBXFileReference; lastKnownFileType = image.png; path = "Default-568h@2x.png"; sourceTree = "<group>"; };
		1FB43774163EDB610033A0D1 /* MM_ViewController.h */ = {isa = PBXFileReference; lastKnownFileType = sourcecode.c.h; path = MM_ViewController.h; sourceTree = "<group>"; };
		1FB43775163EDB610033A0D1 /* MM_ViewController.m */ = {isa = PBXFileReference; lastKnownFileType = sourcecode.c.objc; path = MM_ViewController.m; sourceTree = "<group>"; };
		1FB43778163EDB610033A0D1 /* en */ = {isa = PBXFileReference; lastKnownFileType = file.xib; name = en; path = en.lproj/MM_ViewController.xib; sourceTree = "<group>"; };
/* End PBXFileReference section */

/* Begin PBXFrameworksBuildPhase section */
		1FB43755163EDB610033A0D1 /* Frameworks */ = {
			isa = PBXFrameworksBuildPhase;
			buildActionMask = 2147483647;
			files = (
				1FB4375D163EDB610033A0D1 /* UIKit.framework in Frameworks */,
				1FB4375F163EDB610033A0D1 /* Foundation.framework in Frameworks */,
				1FB43761163EDB610033A0D1 /* CoreGraphics.framework in Frameworks */,
			);
			runOnlyForDeploymentPostprocessing = 0;
		};
/* End PBXFrameworksBuildPhase section */

/* Begin PBXGroup section */
		1FB4374D163EDB610033A0D1 = {
			isa = PBXGroup;
			children = (
				1FB43762163EDB610033A0D1 /* M_CoreDataExample */,
				1FB4375B163EDB610033A0D1 /* Frameworks */,
				1FB43759163EDB610033A0D1 /* Products */,
			);
			sourceTree = "<group>";
		};
		1FB43759163EDB610033A0D1 /* Products */ = {
			isa = PBXGroup;
			children = (
				1FB43758163EDB610033A0D1 /* M_CoreDataExample.app */,
			);
			name = Products;
			sourceTree = "<group>";
		};
		1FB4375B163EDB610033A0D1 /* Frameworks */ = {
			isa = PBXGroup;
			children = (
				1FB4375C163EDB610033A0D1 /* UIKit.framework */,
				1FB4375E163EDB610033A0D1 /* Foundation.framework */,
				1FB43760163EDB610033A0D1 /* CoreGraphics.framework */,
			);
			name = Frameworks;
			sourceTree = "<group>";
		};
		1FB43762163EDB610033A0D1 /* M_CoreDataExample */ = {
			isa = PBXGroup;
			children = (
				1FB4376B163EDB610033A0D1 /* MM_AppDelegate.h */,
				1FB4376C163EDB610033A0D1 /* MM_AppDelegate.m */,
				1FB43774163EDB610033A0D1 /* MM_ViewController.h */,
				1FB43775163EDB610033A0D1 /* MM_ViewController.m */,
				1FB43777163EDB610033A0D1 /* MM_ViewController.xib */,
				1FB43763163EDB610033A0D1 /* Supporting Files */,
			);
			path = M_CoreDataExample;
			sourceTree = "<group>";
		};
		1FB43763163EDB610033A0D1 /* Supporting Files */ = {
			isa = PBXGroup;
			children = (
				1FB43764163EDB610033A0D1 /* M_CoreDataExample-Info.plist */,
				1FB43765163EDB610033A0D1 /* InfoPlist.strings */,
				1FB43768163EDB610033A0D1 /* main.m */,
				1FB4376A163EDB610033A0D1 /* M_CoreDataExample-Prefix.pch */,
				1FB4376E163EDB610033A0D1 /* Default.png */,
				1FB43770163EDB610033A0D1 /* Default@2x.png */,
				1FB43772163EDB610033A0D1 /* Default-568h@2x.png */,
			);
			name = "Supporting Files";
			sourceTree = "<group>";
		};
/* End PBXGroup section */

/* Begin PBXNativeTarget section */
		1FB43757163EDB610033A0D1 /* M_CoreDataExample */ = {
			isa = PBXNativeTarget;
			buildConfigurationList = 1FB4377C163EDB610033A0D1 /* Build configuration list for PBXNativeTarget "M_CoreDataExample" */;
			buildPhases = (
				1FB43754163EDB610033A0D1 /* Sources */,
				1FB43755163EDB610033A0D1 /* Frameworks */,
				1FB43756163EDB610033A0D1 /* Resources */,
			);
			buildRules = (
			);
			dependencies = (
			);
			name = M_CoreDataExample;
			productName = M_CoreDataExample;
			productReference = 1FB43758163EDB610033A0D1 /* M_CoreDataExample.app */;
			productType = "com.apple.product-type.application";
		};
/* End PBXNativeTarget section */

/* Begin PBXProject section */
		1FB4374F163EDB610033A0D1 /* Project object */ = {
			isa = PBXProject;
			attributes = {
				CLASSPREFIX = MM_;
				LastUpgradeCheck = 0450;
				ORGANIZATIONNAME = "Jamie Thomason";
			};
			buildConfigurationList = 1FB43752163EDB610033A0D1 /* Build configuration list for PBXProject "M_CoreDataExample" */;
			compatibilityVersion = "Xcode 3.2";
			developmentRegion = English;
			hasScannedForEncodings = 0;
			knownRegions = (
				en,
			);
			mainGroup = 1FB4374D163EDB610033A0D1;
			productRefGroup = 1FB43759163EDB610033A0D1 /* Products */;
			projectDirPath = "";
			projectRoot = "";
			targets = (
				1FB43757163EDB610033A0D1 /* M_CoreDataExample */,
			);
		};
/* End PBXProject section */

/* Begin PBXResourcesBuildPhase section */
		1FB43756163EDB610033A0D1 /* Resources */ = {
			isa = PBXResourcesBuildPhase;
			buildActionMask = 2147483647;
			files = (
				1FB43767163EDB610033A0D1 /* InfoPlist.strings in Resources */,
				1FB4376F163EDB610033A0D1 /* Default.png in Resources */,
				1FB43771163EDB610033A0D1 /* Default@2x.png in Resources */,
				1FB43773163EDB610033A0D1 /* Default-568h@2x.png in Resources */,
				1FB43779163EDB610033A0D1 /* MM_ViewController.xib in Resources */,
			);
			runOnlyForDeploymentPostprocessing = 0;
		};
/* End PBXResourcesBuildPhase section */

/* Begin PBXSourcesBuildPhase section */
		1FB43754163EDB610033A0D1 /* Sources */ = {
			isa = PBXSourcesBuildPhase;
			buildActionMask = 2147483647;
			files = (
				1FB43769163EDB610033A0D1 /* main.m in Sources */,
				1FB4376D163EDB610033A0D1 /* MM_AppDelegate.m in Sources */,
				1FB43776163EDB610033A0D1 /* MM_ViewController.m in Sources */,
			);
			runOnlyForDeploymentPostprocessing = 0;
		};
/* End PBXSourcesBuildPhase section */

/* Begin PBXVariantGroup section */
		1FB43765163EDB610033A0D1 /* InfoPlist.strings */ = {
			isa = PBXVariantGroup;
			children = (
				1FB43766163EDB610033A0D1 /* en */,
			);
			name = InfoPlist.strings;
			sourceTree = "<group>";
		};
		1FB43777163EDB610033A0D1 /* MM_ViewController.xib */ = {
			isa = PBXVariantGroup;
			children = (
				1FB43778163EDB610033A0D1 /* en */,
			);
			name = MM_ViewController.xib;
			sourceTree = "<group>";
		};
/* End PBXVariantGroup section */

/* Begin XCBuildConfiguration section */
		1FB4377A163EDB610033A0D1 /* Debug */ = {
			isa = XCBuildConfiguration;
			buildSettings = {
				ALWAYS_SEARCH_USER_PATHS = NO;
				CLANG_CXX_LANGUAGE_STANDARD = "gnu++0x";
				CLANG_CXX_LIBRARY = "libc++";
				CLANG_WARN_EMPTY_BODY = YES;
				CLANG_WARN__DUPLICATE_METHOD_MATCH = YES;
				"CODE_SIGN_IDENTITY[sdk=iphoneos*]" = "iPhone Developer";
				COPY_PHASE_STRIP = NO;
				GCC_C_LANGUAGE_STANDARD = gnu99;
				GCC_DYNAMIC_NO_PIC = NO;
				GCC_OPTIMIZATION_LEVEL = 0;
				GCC_PREPROCESSOR_DEFINITIONS = (
					"DEBUG=1",
					"$(inherited)",
				);
				GCC_SYMBOLS_PRIVATE_EXTERN = NO;
				GCC_WARN_ABOUT_RETURN_TYPE = YES;
				GCC_WARN_UNINITIALIZED_AUTOS = YES;
				GCC_WARN_UNUSED_VARIABLE = YES;
				IPHONEOS_DEPLOYMENT_TARGET = 6.0;
				ONLY_ACTIVE_ARCH = YES;
				SDKROOT = iphoneos;
			};
			name = Debug;
		};
		1FB4377B163EDB610033A0D1 /* Release */ = {
			isa = XCBuildConfiguration;
			buildSettings = {
				ALWAYS_SEARCH_USER_PATHS = NO;
				CLANG_CXX_LANGUAGE_STANDARD = "gnu++0x";
				CLANG_CXX_LIBRARY = "libc++";
				CLANG_WARN_EMPTY_BODY = YES;
				CLANG_WARN__DUPLICATE_METHOD_MATCH = YES;
				"CODE_SIGN_IDENTITY[sdk=iphoneos*]" = "iPhone Developer";
				COPY_PHASE_STRIP = YES;
				GCC_C_LANGUAGE_STANDARD = gnu99;
				GCC_WARN_ABOUT_RETURN_TYPE = YES;
				GCC_WARN_UNINITIALIZED_AUTOS = YES;
				GCC_WARN_UNUSED_VARIABLE = YES;
				IPHONEOS_DEPLOYMENT_TARGET = 6.0;
				OTHER_CFLAGS = "-DNS_BLOCK_ASSERTIONS=1";
				SDKROOT = iphoneos;
				VALIDATE_PRODUCT = YES;
			};
			name = Release;
		};
		1FB4377D163EDB610033A0D1 /* Debug */ = {
			isa = XCBuildConfiguration;
			buildSettings = {
				GCC_PRECOMPILE_PREFIX_HEADER = YES;
				GCC_PREFIX_HEADER = "M_CoreDataExample/M_CoreDataExample-Prefix.pch";
				INFOPLIST_FILE = "M_CoreDataExample/M_CoreDataExample-Info.plist";
				PRODUCT_NAME = "$(TARGET_NAME)";
				WRAPPER_EXTENSION = app;
			};
			name = Debug;
		};
		1FB4377E163EDB610033A0D1 /* Release */ = {
			isa = XCBuildConfiguration;
			buildSettings = {
				GCC_PRECOMPILE_PREFIX_HEADER = YES;
				GCC_PREFIX_HEADER = "M_CoreDataExample/M_CoreDataExample-Prefix.pch";
				INFOPLIST_FILE = "M_CoreDataExample/M_CoreDataExample-Info.plist";
				PRODUCT_NAME = "$(TARGET_NAME)";
				WRAPPER_EXTENSION = app;
			};
			name = Release;
		};
/* End XCBuildConfiguration section */

/* Begin XCConfigurationList section */
		1FB43752163EDB610033A0D1 /* Build configuration list for PBXProject "M_CoreDataExample" */ = {
			isa = XCConfigurationList;
			buildConfigurations = (
				1FB4377A163EDB610033A0D1 /* Debug */,
				1FB4377B163EDB610033A0D1 /* Release */,
			);
			defaultConfigurationIsVisible = 0;
			defaultConfigurationName = Release;
		};
		1FB4377C163EDB610033A0D1 /* Build configuration list for PBXNativeTarget "M_CoreDataExample" */ = {
			isa = XCConfigurationList;
			buildConfigurations = (
				1FB4377D163EDB610033A0D1 /* Debug */,
				1FB4377E163EDB610033A0D1 /* Release */,
			);
			defaultConfigurationIsVisible = 0;
		};
/* End XCConfigurationList section */
	};
	rootObject = 1FB4374F163EDB610033A0D1 /* Project object */;
}
